// !$*UTF8*$!
{
	archiveVersion = 1;
	classes = {
	};
	objectVersion = 46;
	objects = {

/* Begin PBXBuildFile section */
		82D9FA5A74F2BBDD247CAAB8 /* libPods-magicPay.a in Frameworks */ = {isa = PBXBuildFile; fileRef = 5C14C7CC3C28F394BF429F91 /* libPods-magicPay.a */; };
		C26A26B41B89FDE300C6F3A9 /* EventDetailViewController.swift in Sources */ = {isa = PBXBuildFile; fileRef = C26A26B31B89FDE300C6F3A9 /* EventDetailViewController.swift */; };
		C28A19A11B8966F500762A27 /* AppDelegate.swift in Sources */ = {isa = PBXBuildFile; fileRef = C28A19A01B8966F500762A27 /* AppDelegate.swift */; };
		C28A19A31B8966F500762A27 /* ViewController.swift in Sources */ = {isa = PBXBuildFile; fileRef = C28A19A21B8966F500762A27 /* ViewController.swift */; };
		C28A19AB1B8966F500762A27 /* LaunchScreen.xib in Resources */ = {isa = PBXBuildFile; fileRef = C28A19A91B8966F500762A27 /* LaunchScreen.xib */; };
		C28A19B71B8966F500762A27 /* magicPayTests.swift in Sources */ = {isa = PBXBuildFile; fileRef = C28A19B61B8966F500762A27 /* magicPayTests.swift */; };
		C28A19C51B89672900762A27 /* Fabric.framework in Frameworks */ = {isa = PBXBuildFile; fileRef = C28A19C11B89672900762A27 /* Fabric.framework */; };
		C28A19C61B89672900762A27 /* DigitsKit.framework in Frameworks */ = {isa = PBXBuildFile; fileRef = C28A19C21B89672900762A27 /* DigitsKit.framework */; };
		C28A19C71B89672900762A27 /* DigitsKitResources.bundle in Resources */ = {isa = PBXBuildFile; fileRef = C28A19C31B89672900762A27 /* DigitsKitResources.bundle */; };
		C28A19C81B89672900762A27 /* TwitterCore.framework in Frameworks */ = {isa = PBXBuildFile; fileRef = C28A19C41B89672900762A27 /* TwitterCore.framework */; };
		C28A19CA1B896BC500762A27 /* CoreLocation.framework in Frameworks */ = {isa = PBXBuildFile; fileRef = C28A19C91B896BC500762A27 /* CoreLocation.framework */; };
		C28A19CD1B898A8100762A27 /* Simplify.bundle in Resources */ = {isa = PBXBuildFile; fileRef = C28A19CB1B898A8100762A27 /* Simplify.bundle */; };
		C28A19CE1B898A8100762A27 /* Simplify.framework in Frameworks */ = {isa = PBXBuildFile; fileRef = C28A19CC1B898A8100762A27 /* Simplify.framework */; };
		C28A19D51B89940400762A27 /* IBeacon.swift in Sources */ = {isa = PBXBuildFile; fileRef = C28A19D41B89940400762A27 /* IBeacon.swift */; };
		C28A19D91B89B6FC00762A27 /* saticContVenuViewController.swift in Sources */ = {isa = PBXBuildFile; fileRef = C28A19D61B89B6FC00762A27 /* saticContVenuViewController.swift */; };
		C28A19DA1B89B6FC00762A27 /* venuTableViewCell.swift in Sources */ = {isa = PBXBuildFile; fileRef = C28A19D71B89B6FC00762A27 /* venuTableViewCell.swift */; };
		C28A19DB1B89B6FC00762A27 /* venuViewController.swift in Sources */ = {isa = PBXBuildFile; fileRef = C28A19D81B89B6FC00762A27 /* venuViewController.swift */; };
		C28A19DD1B89B72100762A27 /* Main.storyboard in Resources */ = {isa = PBXBuildFile; fileRef = C28A19DC1B89B72100762A27 /* Main.storyboard */; };
		C28A19DF1B89B77800762A27 /* Images.xcassets in Resources */ = {isa = PBXBuildFile; fileRef = C28A19DE1B89B77800762A27 /* Images.xcassets */; };
		C28A19E11B89B84D00762A27 /* minimalistic gaussian blur 2560x1600 wallpaper_www.wall321.com_3.jpg in Resources */ = {isa = PBXBuildFile; fileRef = C28A19E01B89B84D00762A27 /* minimalistic gaussian blur 2560x1600 wallpaper_www.wall321.com_3.jpg */; };
		C28A19E31B89B85800762A27 /* LoginViewController.swift in Sources */ = {isa = PBXBuildFile; fileRef = C28A19E21B89B85800762A27 /* LoginViewController.swift */; };
		C28A19E91B89B95100762A27 /* Hallo sans black.otf in Resources */ = {isa = PBXBuildFile; fileRef = C28A19E51B89B95100762A27 /* Hallo sans black.otf */; };
		C28A19EA1B89B95100762A27 /* Hallo sans light.otf in Resources */ = {isa = PBXBuildFile; fileRef = C28A19E61B89B95100762A27 /* Hallo sans light.otf */; };
		C28A19EB1B89B95100762A27 /* Hallo sans.otf in Resources */ = {isa = PBXBuildFile; fileRef = C28A19E71B89B95100762A27 /* Hallo sans.otf */; };
		C28A19EC1B89B95100762A27 /* readme.txt in Resources */ = {isa = PBXBuildFile; fileRef = C28A19E81B89B95100762A27 /* readme.txt */; };
		C28A19EE1B89BF4900762A27 /* Terillion-App-Icon_copy.png in Resources */ = {isa = PBXBuildFile; fileRef = C28A19ED1B89BF4900762A27 /* Terillion-App-Icon_copy.png */; };
		C28A19F01B89C00E00762A27 /* blurred-vision-iphone5wallpapersus_94701a116a4d9e9d39afa1f4cef46f13_raw.jpg in Resources */ = {isa = PBXBuildFile; fileRef = C28A19EF1B89C00E00762A27 /* blurred-vision-iphone5wallpapersus_94701a116a4d9e9d39afa1f4cef46f13_raw.jpg */; };
		C28A19F21B89C1B100762A27 /* confide-iphone-app-icon-2.png in Resources */ = {isa = PBXBuildFile; fileRef = C28A19F11B89C1B100762A27 /* confide-iphone-app-icon-2.png */; };
		C28A19F41B89C28400762A27 /* MeViewController.swift in Sources */ = {isa = PBXBuildFile; fileRef = C28A19F31B89C28400762A27 /* MeViewController.swift */; };
		C28A19F61B89C2DB00762A27 /* profile_round-3.png in Resources */ = {isa = PBXBuildFile; fileRef = C28A19F51B89C2DB00762A27 /* profile_round-3.png */; };
		C28A19F81B89C52C00762A27 /* 320px-MasterCard_logo.png in Resources */ = {isa = PBXBuildFile; fileRef = C28A19F71B89C52C00762A27 /* 320px-MasterCard_logo.png */; };
		C28A19FD1B89D12000762A27 /* blahTableViewCell.swift in Sources */ = {isa = PBXBuildFile; fileRef = C28A19F91B89D12000762A27 /* blahTableViewCell.swift */; };
		C28A19FE1B89D12000762A27 /* blahUIViewController.swift in Sources */ = {isa = PBXBuildFile; fileRef = C28A19FA1B89D12000762A27 /* blahUIViewController.swift */; };
		C28A19FF1B89D12000762A27 /* wooUITableViewCell.swift in Sources */ = {isa = PBXBuildFile; fileRef = C28A19FB1B89D12000762A27 /* wooUITableViewCell.swift */; };
		C28A1A001B89D12000762A27 /* wooViewController.swift in Sources */ = {isa = PBXBuildFile; fileRef = C28A19FC1B89D12000762A27 /* wooViewController.swift */; };
		C28A1A021B89D29600762A27 /* Logo_Tomorrowland.png in Resources */ = {isa = PBXBuildFile; fileRef = C28A1A011B89D29600762A27 /* Logo_Tomorrowland.png */; };
		C28A1A041B89D2F500762A27 /* logo.png in Resources */ = {isa = PBXBuildFile; fileRef = C28A1A031B89D2F500762A27 /* logo.png */; };
		C28A1A061B89D36300762A27 /* masters-of-code1.jpg in Resources */ = {isa = PBXBuildFile; fileRef = C28A1A051B89D36300762A27 /* masters-of-code1.jpg */; };
		C28A1A081B89DE1200762A27 /* 720111570_14037573429683297038.jpg in Resources */ = {isa = PBXBuildFile; fileRef = C28A1A071B89DE1200762A27 /* 720111570_14037573429683297038.jpg */; };
/* End PBXBuildFile section */

/* Begin PBXContainerItemProxy section */
		C28A19B11B8966F500762A27 /* PBXContainerItemProxy */ = {
			isa = PBXContainerItemProxy;
			containerPortal = C28A19931B8966F500762A27 /* Project object */;
			proxyType = 1;
			remoteGlobalIDString = C28A199A1B8966F500762A27;
			remoteInfo = magicPay;
		};
/* End PBXContainerItemProxy section */

/* Begin PBXFileReference section */
		5C14C7CC3C28F394BF429F91 /* libPods-magicPay.a */ = {isa = PBXFileReference; explicitFileType = archive.ar; includeInIndex = 0; path = "libPods-magicPay.a"; sourceTree = BUILT_PRODUCTS_DIR; };
		A2A846451CCCA1A92B7C619A /* Pods-magicPay.debug.xcconfig */ = {isa = PBXFileReference; includeInIndex = 1; lastKnownFileType = text.xcconfig; name = "Pods-magicPay.debug.xcconfig"; path = "Pods/Target Support Files/Pods-magicPay/Pods-magicPay.debug.xcconfig"; sourceTree = "<group>"; };
		C26A26B31B89FDE300C6F3A9 /* EventDetailViewController.swift */ = {isa = PBXFileReference; fileEncoding = 4; lastKnownFileType = sourcecode.swift; path = EventDetailViewController.swift; sourceTree = "<group>"; };
		C28A199B1B8966F500762A27 /* magicPay.app */ = {isa = PBXFileReference; explicitFileType = wrapper.application; includeInIndex = 0; path = magicPay.app; sourceTree = BUILT_PRODUCTS_DIR; };
		C28A199F1B8966F500762A27 /* Info.plist */ = {isa = PBXFileReference; lastKnownFileType = text.plist.xml; path = Info.plist; sourceTree = "<group>"; };
		C28A19A01B8966F500762A27 /* AppDelegate.swift */ = {isa = PBXFileReference; lastKnownFileType = sourcecode.swift; path = AppDelegate.swift; sourceTree = "<group>"; };
		C28A19A21B8966F500762A27 /* ViewController.swift */ = {isa = PBXFileReference; lastKnownFileType = sourcecode.swift; path = ViewController.swift; sourceTree = "<group>"; };
		C28A19AA1B8966F500762A27 /* Base */ = {isa = PBXFileReference; lastKnownFileType = file.xib; name = Base; path = Base.lproj/LaunchScreen.xib; sourceTree = "<group>"; };
		C28A19B01B8966F500762A27 /* magicPayTests.xctest */ = {isa = PBXFileReference; explicitFileType = wrapper.cfbundle; includeInIndex = 0; path = magicPayTests.xctest; sourceTree = BUILT_PRODUCTS_DIR; };
		C28A19B51B8966F500762A27 /* Info.plist */ = {isa = PBXFileReference; lastKnownFileType = text.plist.xml; path = Info.plist; sourceTree = "<group>"; };
		C28A19B61B8966F500762A27 /* magicPayTests.swift */ = {isa = PBXFileReference; lastKnownFileType = sourcecode.swift; path = magicPayTests.swift; sourceTree = "<group>"; };
		C28A19C11B89672900762A27 /* Fabric.framework */ = {isa = PBXFileReference; lastKnownFileType = wrapper.framework; path = Fabric.framework; sourceTree = "<group>"; };
		C28A19C21B89672900762A27 /* DigitsKit.framework */ = {isa = PBXFileReference; lastKnownFileType = wrapper.framework; path = DigitsKit.framework; sourceTree = "<group>"; };
		C28A19C31B89672900762A27 /* DigitsKitResources.bundle */ = {isa = PBXFileReference; lastKnownFileType = "wrapper.plug-in"; name = DigitsKitResources.bundle; path = DigitsKit.framework/Versions/A/Resources/DigitsKitResources.bundle; sourceTree = "<group>"; };
		C28A19C41B89672900762A27 /* TwitterCore.framework */ = {isa = PBXFileReference; lastKnownFileType = wrapper.framework; path = TwitterCore.framework; sourceTree = "<group>"; };
		C28A19C91B896BC500762A27 /* CoreLocation.framework */ = {isa = PBXFileReference; lastKnownFileType = wrapper.framework; name = CoreLocation.framework; path = System/Library/Frameworks/CoreLocation.framework; sourceTree = SDKROOT; };
		C28A19CB1B898A8100762A27 /* Simplify.bundle */ = {isa = PBXFileReference; lastKnownFileType = "wrapper.plug-in"; path = Simplify.bundle; sourceTree = "<group>"; };
		C28A19CC1B898A8100762A27 /* Simplify.framework */ = {isa = PBXFileReference; lastKnownFileType = wrapper.framework; path = Simplify.framework; sourceTree = "<group>"; };
		C28A19D01B898AFC00762A27 /* magicPay-Bridging-Header.h */ = {isa = PBXFileReference; lastKnownFileType = sourcecode.c.h; path = "magicPay-Bridging-Header.h"; sourceTree = "<group>"; };
		C28A19D41B89940400762A27 /* IBeacon.swift */ = {isa = PBXFileReference; fileEncoding = 4; lastKnownFileType = sourcecode.swift; path = IBeacon.swift; sourceTree = "<group>"; };
		C28A19D61B89B6FC00762A27 /* saticContVenuViewController.swift */ = {isa = PBXFileReference; fileEncoding = 4; lastKnownFileType = sourcecode.swift; path = saticContVenuViewController.swift; sourceTree = "<group>"; };
		C28A19D71B89B6FC00762A27 /* venuTableViewCell.swift */ = {isa = PBXFileReference; fileEncoding = 4; lastKnownFileType = sourcecode.swift; path = venuTableViewCell.swift; sourceTree = "<group>"; };
		C28A19D81B89B6FC00762A27 /* venuViewController.swift */ = {isa = PBXFileReference; fileEncoding = 4; lastKnownFileType = sourcecode.swift; path = venuViewController.swift; sourceTree = "<group>"; };
		C28A19DC1B89B72100762A27 /* Main.storyboard */ = {isa = PBXFileReference; fileEncoding = 4; lastKnownFileType = file.storyboard; path = Main.storyboard; sourceTree = "<group>"; };
		C28A19DE1B89B77800762A27 /* Images.xcassets */ = {isa = PBXFileReference; lastKnownFileType = folder.assetcatalog; path = Images.xcassets; sourceTree = "<group>"; };
		C28A19E01B89B84D00762A27 /* minimalistic gaussian blur 2560x1600 wallpaper_www.wall321.com_3.jpg */ = {isa = PBXFileReference; lastKnownFileType = image.jpeg; path = "minimalistic gaussian blur 2560x1600 wallpaper_www.wall321.com_3.jpg"; sourceTree = "<group>"; };
		C28A19E21B89B85800762A27 /* LoginViewController.swift */ = {isa = PBXFileReference; fileEncoding = 4; lastKnownFileType = sourcecode.swift; path = LoginViewController.swift; sourceTree = "<group>"; };
		C28A19E51B89B95100762A27 /* Hallo sans black.otf */ = {isa = PBXFileReference; lastKnownFileType = file; path = "Hallo sans black.otf"; sourceTree = "<group>"; };
		C28A19E61B89B95100762A27 /* Hallo sans light.otf */ = {isa = PBXFileReference; lastKnownFileType = file; path = "Hallo sans light.otf"; sourceTree = "<group>"; };
		C28A19E71B89B95100762A27 /* Hallo sans.otf */ = {isa = PBXFileReference; lastKnownFileType = file; path = "Hallo sans.otf"; sourceTree = "<group>"; };
		C28A19E81B89B95100762A27 /* readme.txt */ = {isa = PBXFileReference; fileEncoding = 4; lastKnownFileType = text; path = readme.txt; sourceTree = "<group>"; };
		C28A19ED1B89BF4900762A27 /* Terillion-App-Icon_copy.png */ = {isa = PBXFileReference; lastKnownFileType = image.png; path = "Terillion-App-Icon_copy.png"; sourceTree = "<group>"; };
		C28A19EF1B89C00E00762A27 /* blurred-vision-iphone5wallpapersus_94701a116a4d9e9d39afa1f4cef46f13_raw.jpg */ = {isa = PBXFileReference; lastKnownFileType = image.jpeg; path = "blurred-vision-iphone5wallpapersus_94701a116a4d9e9d39afa1f4cef46f13_raw.jpg"; sourceTree = "<group>"; };
		C28A19F11B89C1B100762A27 /* confide-iphone-app-icon-2.png */ = {isa = PBXFileReference; lastKnownFileType = image.png; path = "confide-iphone-app-icon-2.png"; sourceTree = "<group>"; };
		C28A19F31B89C28400762A27 /* MeViewController.swift */ = {isa = PBXFileReference; fileEncoding = 4; lastKnownFileType = sourcecode.swift; path = MeViewController.swift; sourceTree = "<group>"; };
		C28A19F51B89C2DB00762A27 /* profile_round-3.png */ = {isa = PBXFileReference; lastKnownFileType = image.png; path = "profile_round-3.png"; sourceTree = "<group>"; };
		C28A19F71B89C52C00762A27 /* 320px-MasterCard_logo.png */ = {isa = PBXFileReference; lastKnownFileType = image.png; path = "320px-MasterCard_logo.png"; sourceTree = "<group>"; };
		C28A19F91B89D12000762A27 /* blahTableViewCell.swift */ = {isa = PBXFileReference; fileEncoding = 4; lastKnownFileType = sourcecode.swift; path = blahTableViewCell.swift; sourceTree = "<group>"; };
		C28A19FA1B89D12000762A27 /* blahUIViewController.swift */ = {isa = PBXFileReference; fileEncoding = 4; lastKnownFileType = sourcecode.swift; path = blahUIViewController.swift; sourceTree = "<group>"; };
		C28A19FB1B89D12000762A27 /* wooUITableViewCell.swift */ = {isa = PBXFileReference; fileEncoding = 4; lastKnownFileType = sourcecode.swift; path = wooUITableViewCell.swift; sourceTree = "<group>"; };
		C28A19FC1B89D12000762A27 /* wooViewController.swift */ = {isa = PBXFileReference; fileEncoding = 4; lastKnownFileType = sourcecode.swift; path = wooViewController.swift; sourceTree = "<group>"; };
		C28A1A011B89D29600762A27 /* Logo_Tomorrowland.png */ = {isa = PBXFileReference; lastKnownFileType = image.png; path = Logo_Tomorrowland.png; sourceTree = "<group>"; };
		C28A1A031B89D2F500762A27 /* logo.png */ = {isa = PBXFileReference; lastKnownFileType = image.png; path = logo.png; sourceTree = "<group>"; };
		C28A1A051B89D36300762A27 /* masters-of-code1.jpg */ = {isa = PBXFileReference; lastKnownFileType = image.jpeg; path = "masters-of-code1.jpg"; sourceTree = "<group>"; };
		C28A1A071B89DE1200762A27 /* 720111570_14037573429683297038.jpg */ = {isa = PBXFileReference; lastKnownFileType = image.jpeg; path = 720111570_14037573429683297038.jpg; sourceTree = "<group>"; };
		F68E5DAA4A4612DDD4A49F6C /* Pods-magicPay.release.xcconfig */ = {isa = PBXFileReference; includeInIndex = 1; lastKnownFileType = text.xcconfig; name = "Pods-magicPay.release.xcconfig"; path = "Pods/Target Support Files/Pods-magicPay/Pods-magicPay.release.xcconfig"; sourceTree = "<group>"; };
/* End PBXFileReference section */

/* Begin PBXFrameworksBuildPhase section */
		C28A19981B8966F500762A27 /* Frameworks */ = {
			isa = PBXFrameworksBuildPhase;
			buildActionMask = 2147483647;
			files = (
				C28A19CA1B896BC500762A27 /* CoreLocation.framework in Frameworks */,
				C28A19C51B89672900762A27 /* Fabric.framework in Frameworks */,
				C28A19C81B89672900762A27 /* TwitterCore.framework in Frameworks */,
				C28A19CE1B898A8100762A27 /* Simplify.framework in Frameworks */,
				C28A19C61B89672900762A27 /* DigitsKit.framework in Frameworks */,
				82D9FA5A74F2BBDD247CAAB8 /* libPods-magicPay.a in Frameworks */,
			);
			runOnlyForDeploymentPostprocessing = 0;
		};
		C28A19AD1B8966F500762A27 /* Frameworks */ = {
			isa = PBXFrameworksBuildPhase;
			buildActionMask = 2147483647;
			files = (
			);
			runOnlyForDeploymentPostprocessing = 0;
		};
/* End PBXFrameworksBuildPhase section */

/* Begin PBXGroup section */
		9806E120A7A495A23983BEA1 /* Frameworks */ = {
			isa = PBXGroup;
			children = (
				5C14C7CC3C28F394BF429F91 /* libPods-magicPay.a */,
			);
			name = Frameworks;
			sourceTree = "<group>";
		};
		C28A19921B8966F500762A27 = {
			isa = PBXGroup;
			children = (
				C28A19E41B89B95100762A27 /* Hallo-Sans */,
				C28A19D41B89940400762A27 /* IBeacon.swift */,
				C28A19CB1B898A8100762A27 /* Simplify.bundle */,
				C28A19CC1B898A8100762A27 /* Simplify.framework */,
				C28A19C91B896BC500762A27 /* CoreLocation.framework */,
				C28A19C11B89672900762A27 /* Fabric.framework */,
				C28A19C21B89672900762A27 /* DigitsKit.framework */,
				C28A19C31B89672900762A27 /* DigitsKitResources.bundle */,
				C28A19C41B89672900762A27 /* TwitterCore.framework */,
				C28A199D1B8966F500762A27 /* magicPay */,
				C28A19B31B8966F500762A27 /* magicPayTests */,
				C28A199C1B8966F500762A27 /* Products */,
				D0CB42A0E730D080F97F7B3C /* Pods */,
				9806E120A7A495A23983BEA1 /* Frameworks */,
				C28A19D01B898AFC00762A27 /* magicPay-Bridging-Header.h */,
			);
			sourceTree = "<group>";
		};
		C28A199C1B8966F500762A27 /* Products */ = {
			isa = PBXGroup;
			children = (
				C28A199B1B8966F500762A27 /* magicPay.app */,
				C28A19B01B8966F500762A27 /* magicPayTests.xctest */,
			);
			name = Products;
			sourceTree = "<group>";
		};
		C28A199D1B8966F500762A27 /* magicPay */ = {
			isa = PBXGroup;
			children = (
				C28A1A051B89D36300762A27 /* masters-of-code1.jpg */,
				C28A1A031B89D2F500762A27 /* logo.png */,
				C28A1A011B89D29600762A27 /* Logo_Tomorrowland.png */,
				C28A19D61B89B6FC00762A27 /* saticContVenuViewController.swift */,
				C28A19D71B89B6FC00762A27 /* venuTableViewCell.swift */,
				C28A19D81B89B6FC00762A27 /* venuViewController.swift */,
				C28A19F91B89D12000762A27 /* blahTableViewCell.swift */,
				C28A19FA1B89D12000762A27 /* blahUIViewController.swift */,
				C28A19FB1B89D12000762A27 /* wooUITableViewCell.swift */,
				C28A19FC1B89D12000762A27 /* wooViewController.swift */,
				C28A19A01B8966F500762A27 /* AppDelegate.swift */,
				C28A19A21B8966F500762A27 /* ViewController.swift */,
				C28A19DE1B89B77800762A27 /* Images.xcassets */,
				C28A19DC1B89B72100762A27 /* Main.storyboard */,
				C26A26B31B89FDE300C6F3A9 /* EventDetailViewController.swift */,
				C28A19F31B89C28400762A27 /* MeViewController.swift */,
				C28A19E21B89B85800762A27 /* LoginViewController.swift */,
				C28A19F71B89C52C00762A27 /* 320px-MasterCard_logo.png */,
				C28A19F11B89C1B100762A27 /* confide-iphone-app-icon-2.png */,
				C28A19ED1B89BF4900762A27 /* Terillion-App-Icon_copy.png */,
				C28A19F51B89C2DB00762A27 /* profile_round-3.png */,
				C28A19A91B8966F500762A27 /* LaunchScreen.xib */,
				C28A19E01B89B84D00762A27 /* minimalistic gaussian blur 2560x1600 wallpaper_www.wall321.com_3.jpg */,
				C28A19EF1B89C00E00762A27 /* blurred-vision-iphone5wallpapersus_94701a116a4d9e9d39afa1f4cef46f13_raw.jpg */,
				C28A199E1B8966F500762A27 /* Supporting Files */,
			);
			path = magicPay;
			sourceTree = "<group>";
		};
		C28A199E1B8966F500762A27 /* Supporting Files */ = {
			isa = PBXGroup;
			children = (
				C28A199F1B8966F500762A27 /* Info.plist */,
			);
			name = "Supporting Files";
			sourceTree = "<group>";
		};
		C28A19B31B8966F500762A27 /* magicPayTests */ = {
			isa = PBXGroup;
			children = (
				C28A19B61B8966F500762A27 /* magicPayTests.swift */,
				C28A19B41B8966F500762A27 /* Supporting Files */,
			);
			path = magicPayTests;
			sourceTree = "<group>";
		};
		C28A19B41B8966F500762A27 /* Supporting Files */ = {
			isa = PBXGroup;
			children = (
				C28A19B51B8966F500762A27 /* Info.plist */,
			);
			name = "Supporting Files";
			sourceTree = "<group>";
		};
		C28A19E41B89B95100762A27 /* Hallo-Sans */ = {
			isa = PBXGroup;
			children = (
				C28A19E51B89B95100762A27 /* Hallo sans black.otf */,
				C28A19E61B89B95100762A27 /* Hallo sans light.otf */,
				C28A19E71B89B95100762A27 /* Hallo sans.otf */,
				C28A1A071B89DE1200762A27 /* 720111570_14037573429683297038.jpg */,
				C28A19E81B89B95100762A27 /* readme.txt */,
			);
			path = "Hallo-Sans";
			sourceTree = "<group>";
		};
		D0CB42A0E730D080F97F7B3C /* Pods */ = {
			isa = PBXGroup;
			children = (
				A2A846451CCCA1A92B7C619A /* Pods-magicPay.debug.xcconfig */,
				F68E5DAA4A4612DDD4A49F6C /* Pods-magicPay.release.xcconfig */,
			);
			name = Pods;
			sourceTree = "<group>";
		};
/* End PBXGroup section */

/* Begin PBXNativeTarget section */
		C28A199A1B8966F500762A27 /* magicPay */ = {
			isa = PBXNativeTarget;
			buildConfigurationList = C28A19BA1B8966F500762A27 /* Build configuration list for PBXNativeTarget "magicPay" */;
			buildPhases = (
				8EAC2E615BD38A24893F2931 /* Check Pods Manifest.lock */,
				C28A19971B8966F500762A27 /* Sources */,
				C28A19981B8966F500762A27 /* Frameworks */,
				C28A19991B8966F500762A27 /* Resources */,
				C28A19C01B89671400762A27 /* ShellScript */,
				93273907F7D6A6D65265D819 /* Copy Pods Resources */,
			);
			buildRules = (
			);
			dependencies = (
			);
			name = magicPay;
			productName = magicPay;
			productReference = C28A199B1B8966F500762A27 /* magicPay.app */;
			productType = "com.apple.product-type.application";
		};
		C28A19AF1B8966F500762A27 /* magicPayTests */ = {
			isa = PBXNativeTarget;
			buildConfigurationList = C28A19BD1B8966F500762A27 /* Build configuration list for PBXNativeTarget "magicPayTests" */;
			buildPhases = (
				C28A19AC1B8966F500762A27 /* Sources */,
				C28A19AD1B8966F500762A27 /* Frameworks */,
				C28A19AE1B8966F500762A27 /* Resources */,
			);
			buildRules = (
			);
			dependencies = (
				C28A19B21B8966F500762A27 /* PBXTargetDependency */,
			);
			name = magicPayTests;
			productName = magicPayTests;
			productReference = C28A19B01B8966F500762A27 /* magicPayTests.xctest */;
			productType = "com.apple.product-type.bundle.unit-test";
		};
/* End PBXNativeTarget section */

/* Begin PBXProject section */
		C28A19931B8966F500762A27 /* Project object */ = {
			isa = PBXProject;
			attributes = {
				LastSwiftUpdateCheck = 0700;
				LastUpgradeCheck = 0640;
				ORGANIZATIONNAME = "Lucas Farah";
				TargetAttributes = {
					C28A199A1B8966F500762A27 = {
						CreatedOnToolsVersion = 6.4;
						DevelopmentTeam = BRY2B7NKP2;
						SystemCapabilities = {
							com.apple.BackgroundModes = {
								enabled = 1;
							};
						};
					};
					C28A19AF1B8966F500762A27 = {
						CreatedOnToolsVersion = 6.4;
						TestTargetID = C28A199A1B8966F500762A27;
					};
				};
			};
			buildConfigurationList = C28A19961B8966F500762A27 /* Build configuration list for PBXProject "magicPay" */;
			compatibilityVersion = "Xcode 3.2";
			developmentRegion = English;
			hasScannedForEncodings = 0;
			knownRegions = (
				en,
				Base,
			);
			mainGroup = C28A19921B8966F500762A27;
			productRefGroup = C28A199C1B8966F500762A27 /* Products */;
			projectDirPath = "";
			projectRoot = "";
			targets = (
				C28A199A1B8966F500762A27 /* magicPay */,
				C28A19AF1B8966F500762A27 /* magicPayTests */,
			);
		};
/* End PBXProject section */

/* Begin PBXResourcesBuildPhase section */
		C28A19991B8966F500762A27 /* Resources */ = {
			isa = PBXResourcesBuildPhase;
			buildActionMask = 2147483647;
			files = (
				C28A1A081B89DE1200762A27 /* 720111570_14037573429683297038.jpg in Resources */,
				C28A1A021B89D29600762A27 /* Logo_Tomorrowland.png in Resources */,
				C28A19EC1B89B95100762A27 /* readme.txt in Resources */,
				C28A19F81B89C52C00762A27 /* 320px-MasterCard_logo.png in Resources */,
				C28A1A061B89D36300762A27 /* masters-of-code1.jpg in Resources */,
				C28A19EA1B89B95100762A27 /* Hallo sans light.otf in Resources */,
				C28A19F61B89C2DB00762A27 /* profile_round-3.png in Resources */,
				C28A1A041B89D2F500762A27 /* logo.png in Resources */,
				C28A19F21B89C1B100762A27 /* confide-iphone-app-icon-2.png in Resources */,
				C28A19C71B89672900762A27 /* DigitsKitResources.bundle in Resources */,
				C28A19AB1B8966F500762A27 /* LaunchScreen.xib in Resources */,
				C28A19EE1B89BF4900762A27 /* Terillion-App-Icon_copy.png in Resources */,
				C28A19DD1B89B72100762A27 /* Main.storyboard in Resources */,
				C28A19E91B89B95100762A27 /* Hallo sans black.otf in Resources */,
				C28A19E11B89B84D00762A27 /* minimalistic gaussian blur 2560x1600 wallpaper_www.wall321.com_3.jpg in Resources */,
				C28A19DF1B89B77800762A27 /* Images.xcassets in Resources */,
				C28A19CD1B898A8100762A27 /* Simplify.bundle in Resources */,
				C28A19F01B89C00E00762A27 /* blurred-vision-iphone5wallpapersus_94701a116a4d9e9d39afa1f4cef46f13_raw.jpg in Resources */,
				C28A19EB1B89B95100762A27 /* Hallo sans.otf in Resources */,
			);
			runOnlyForDeploymentPostprocessing = 0;
		};
		C28A19AE1B8966F500762A27 /* Resources */ = {
			isa = PBXResourcesBuildPhase;
			buildActionMask = 2147483647;
			files = (
			);
			runOnlyForDeploymentPostprocessing = 0;
		};
/* End PBXResourcesBuildPhase section */

/* Begin PBXShellScriptBuildPhase section */
		8EAC2E615BD38A24893F2931 /* Check Pods Manifest.lock */ = {
			isa = PBXShellScriptBuildPhase;
			buildActionMask = 2147483647;
			files = (
			);
			inputPaths = (
			);
			name = "Check Pods Manifest.lock";
			outputPaths = (
			);
			runOnlyForDeploymentPostprocessing = 0;
			shellPath = /bin/sh;
			shellScript = "diff \"${PODS_ROOT}/../Podfile.lock\" \"${PODS_ROOT}/Manifest.lock\" > /dev/null\nif [[ $? != 0 ]] ; then\n    cat << EOM\nerror: The sandbox is not in sync with the Podfile.lock. Run 'pod install' or update your CocoaPods installation.\nEOM\n    exit 1\nfi\n";
			showEnvVarsInLog = 0;
		};
		93273907F7D6A6D65265D819 /* Copy Pods Resources */ = {
			isa = PBXShellScriptBuildPhase;
			buildActionMask = 2147483647;
			files = (
			);
			inputPaths = (
			);
			name = "Copy Pods Resources";
			outputPaths = (
			);
			runOnlyForDeploymentPostprocessing = 0;
			shellPath = /bin/sh;
			shellScript = "\"${SRCROOT}/Pods/Target Support Files/Pods-magicPay/Pods-magicPay-resources.sh\"\n";
			showEnvVarsInLog = 0;
		};
		C28A19C01B89671400762A27 /* ShellScript */ = {
			isa = PBXShellScriptBuildPhase;
			buildActionMask = 2147483647;
			files = (
			);
			inputPaths = (
			);
			outputPaths = (
			);
			runOnlyForDeploymentPostprocessing = 0;
			shellPath = /bin/sh;
			shellScript = "./Fabric.framework/run 250c0961bd5f51015d6438b7745326cb35434b98 96d617321465a519f3a00ce55110292ce2a0719c73363b9640f38452c29735ad";
		};
/* End PBXShellScriptBuildPhase section */

/* Begin PBXSourcesBuildPhase section */
		C28A19971B8966F500762A27 /* Sources */ = {
			isa = PBXSourcesBuildPhase;
			buildActionMask = 2147483647;
			files = (
				C28A19E31B89B85800762A27 /* LoginViewController.swift in Sources */,
				C28A19FE1B89D12000762A27 /* blahUIViewController.swift in Sources */,
				C28A19FD1B89D12000762A27 /* blahTableViewCell.swift in Sources */,
				C26A26B41B89FDE300C6F3A9 /* EventDetailViewController.swift in Sources */,
				C28A19A31B8966F500762A27 /* ViewController.swift in Sources */,
				C28A19F41B89C28400762A27 /* MeViewController.swift in Sources */,
				C28A19A11B8966F500762A27 /* AppDelegate.swift in Sources */,
				C28A1A001B89D12000762A27 /* wooViewController.swift in Sources */,
				C28A19DB1B89B6FC00762A27 /* venuViewController.swift in Sources */,
				C28A19D51B89940400762A27 /* IBeacon.swift in Sources */,
				C28A19D91B89B6FC00762A27 /* saticContVenuViewController.swift in Sources */,
				C28A19DA1B89B6FC00762A27 /* venuTableViewCell.swift in Sources */,
				C28A19FF1B89D12000762A27 /* wooUITableViewCell.swift in Sources */,
			);
			runOnlyForDeploymentPostprocessing = 0;
		};
		C28A19AC1B8966F500762A27 /* Sources */ = {
			isa = PBXSourcesBuildPhase;
			buildActionMask = 2147483647;
			files = (
				C28A19B71B8966F500762A27 /* magicPayTests.swift in Sources */,
			);
			runOnlyForDeploymentPostprocessing = 0;
		};
/* End PBXSourcesBuildPhase section */

/* Begin PBXTargetDependency section */
		C28A19B21B8966F500762A27 /* PBXTargetDependency */ = {
			isa = PBXTargetDependency;
			target = C28A199A1B8966F500762A27 /* magicPay */;
			targetProxy = C28A19B11B8966F500762A27 /* PBXContainerItemProxy */;
		};
/* End PBXTargetDependency section */

/* Begin PBXVariantGroup section */
		C28A19A91B8966F500762A27 /* LaunchScreen.xib */ = {
			isa = PBXVariantGroup;
			children = (
				C28A19AA1B8966F500762A27 /* Base */,
			);
			name = LaunchScreen.xib;
			sourceTree = "<group>";
		};
/* End PBXVariantGroup section */

/* Begin XCBuildConfiguration section */
		C28A19B81B8966F500762A27 /* Debug */ = {
			isa = XCBuildConfiguration;
			buildSettings = {
				ALWAYS_SEARCH_USER_PATHS = NO;
				CLANG_CXX_LANGUAGE_STANDARD = "gnu++0x";
				CLANG_CXX_LIBRARY = "libc++";
				CLANG_ENABLE_MODULES = YES;
				CLANG_ENABLE_OBJC_ARC = YES;
				CLANG_WARN_BOOL_CONVERSION = YES;
				CLANG_WARN_CONSTANT_CONVERSION = YES;
				CLANG_WARN_DIRECT_OBJC_ISA_USAGE = YES_ERROR;
				CLANG_WARN_EMPTY_BODY = YES;
				CLANG_WARN_ENUM_CONVERSION = YES;
				CLANG_WARN_INT_CONVERSION = YES;
				CLANG_WARN_OBJC_ROOT_CLASS = YES_ERROR;
				CLANG_WARN_UNREACHABLE_CODE = YES;
				CLANG_WARN__DUPLICATE_METHOD_MATCH = YES;
				"CODE_SIGN_IDENTITY[sdk=iphoneos*]" = "iPhone Developer";
				COPY_PHASE_STRIP = NO;
				DEBUG_INFORMATION_FORMAT = "dwarf-with-dsym";
				ENABLE_STRICT_OBJC_MSGSEND = YES;
				GCC_C_LANGUAGE_STANDARD = gnu99;
				GCC_DYNAMIC_NO_PIC = NO;
				GCC_NO_COMMON_BLOCKS = YES;
				GCC_OPTIMIZATION_LEVEL = 0;
				GCC_PREPROCESSOR_DEFINITIONS = (
					"DEBUG=1",
					"$(inherited)",
				);
				GCC_SYMBOLS_PRIVATE_EXTERN = NO;
				GCC_WARN_64_TO_32_BIT_CONVERSION = YES;
				GCC_WARN_ABOUT_RETURN_TYPE = YES_ERROR;
				GCC_WARN_UNDECLARED_SELECTOR = YES;
				GCC_WARN_UNINITIALIZED_AUTOS = YES_AGGRESSIVE;
				GCC_WARN_UNUSED_FUNCTION = YES;
				GCC_WARN_UNUSED_VARIABLE = YES;
				IPHONEOS_DEPLOYMENT_TARGET = 8.4;
				MTL_ENABLE_DEBUG_INFO = YES;
				ONLY_ACTIVE_ARCH = YES;
				SDKROOT = iphoneos;
				SWIFT_OPTIMIZATION_LEVEL = "-Onone";
			};
			name = Debug;
		};
		C28A19B91B8966F500762A27 /* Release */ = {
			isa = XCBuildConfiguration;
			buildSettings = {
				ALWAYS_SEARCH_USER_PATHS = NO;
				CLANG_CXX_LANGUAGE_STANDARD = "gnu++0x";
				CLANG_CXX_LIBRARY = "libc++";
				CLANG_ENABLE_MODULES = YES;
				CLANG_ENABLE_OBJC_ARC = YES;
				CLANG_WARN_BOOL_CONVERSION = YES;
				CLANG_WARN_CONSTANT_CONVERSION = YES;
				CLANG_WARN_DIRECT_OBJC_ISA_USAGE = YES_ERROR;
				CLANG_WARN_EMPTY_BODY = YES;
				CLANG_WARN_ENUM_CONVERSION = YES;
				CLANG_WARN_INT_CONVERSION = YES;
				CLANG_WARN_OBJC_ROOT_CLASS = YES_ERROR;
				CLANG_WARN_UNREACHABLE_CODE = YES;
				CLANG_WARN__DUPLICATE_METHOD_MATCH = YES;
				"CODE_SIGN_IDENTITY[sdk=iphoneos*]" = "iPhone Developer";
				COPY_PHASE_STRIP = NO;
				DEBUG_INFORMATION_FORMAT = "dwarf-with-dsym";
				ENABLE_NS_ASSERTIONS = NO;
				ENABLE_STRICT_OBJC_MSGSEND = YES;
				GCC_C_LANGUAGE_STANDARD = gnu99;
				GCC_NO_COMMON_BLOCKS = YES;
				GCC_WARN_64_TO_32_BIT_CONVERSION = YES;
				GCC_WARN_ABOUT_RETURN_TYPE = YES_ERROR;
				GCC_WARN_UNDECLARED_SELECTOR = YES;
				GCC_WARN_UNINITIALIZED_AUTOS = YES_AGGRESSIVE;
				GCC_WARN_UNUSED_FUNCTION = YES;
				GCC_WARN_UNUSED_VARIABLE = YES;
				IPHONEOS_DEPLOYMENT_TARGET = 8.4;
				MTL_ENABLE_DEBUG_INFO = NO;
				SDKROOT = iphoneos;
				VALIDATE_PRODUCT = YES;
			};
			name = Release;
		};
		C28A19BB1B8966F500762A27 /* Debug */ = {
			isa = XCBuildConfiguration;
			baseConfigurationReference = A2A846451CCCA1A92B7C619A /* Pods-magicPay.debug.xcconfig */;
			buildSettings = {
				ASSETCATALOG_COMPILER_APPICON_NAME = AppIcon;
				CLANG_ENABLE_MODULES = YES;
				CODE_SIGN_IDENTITY = "iPhone Developer";
				FRAMEWORK_SEARCH_PATHS = (
					"$(inherited)",
					"$(PROJECT_DIR)",
				);
				INFOPLIST_FILE = magicPay/Info.plist;
				IPHONEOS_DEPLOYMENT_TARGET = 8.0;
				LD_RUNPATH_SEARCH_PATHS = "$(inherited) @executable_path/Frameworks";
				PRODUCT_NAME = "$(TARGET_NAME)";
				SWIFT_OBJC_BRIDGING_HEADER = "magicPay-Bridging-Header.h";
				SWIFT_OPTIMIZATION_LEVEL = "-Onone";
			};
			name = Debug;
		};
		C28A19BC1B8966F500762A27 /* Release */ = {
			isa = XCBuildConfiguration;
			baseConfigurationReference = F68E5DAA4A4612DDD4A49F6C /* Pods-magicPay.release.xcconfig */;
			buildSettings = {
				ASSETCATALOG_COMPILER_APPICON_NAME = AppIcon;
				CLANG_ENABLE_MODULES = YES;
				CODE_SIGN_IDENTITY = "iPhone Developer";
				FRAMEWORK_SEARCH_PATHS = (
					"$(inherited)",
					"$(PROJECT_DIR)",
				);
				INFOPLIST_FILE = magicPay/Info.plist;
				IPHONEOS_DEPLOYMENT_TARGET = 8.0;
				LD_RUNPATH_SEARCH_PATHS = "$(inherited) @executable_path/Frameworks";
				PRODUCT_NAME = "$(TARGET_NAME)";
				SWIFT_OBJC_BRIDGING_HEADER = "magicPay-Bridging-Header.h";
			};
			name = Release;
		};
		C28A19BE1B8966F500762A27 /* Debug */ = {
			isa = XCBuildConfiguration;
			buildSettings = {
				BUNDLE_LOADER = "$(TEST_HOST)";
				FRAMEWORK_SEARCH_PATHS = (
					"$(SDKROOT)/Developer/Library/Frameworks",
					"$(inherited)",
				);
				GCC_PREPROCESSOR_DEFINITIONS = (
					"DEBUG=1",
					"$(inherited)",
				);
				INFOPLIST_FILE = magicPayTests/Info.plist;
				LD_RUNPATH_SEARCH_PATHS = "$(inherited) @executable_path/Frameworks @loader_path/Frameworks";
				PRODUCT_NAME = "$(TARGET_NAME)";
				TEST_HOST = "$(BUILT_PRODUCTS_DIR)/magicPay.app/magicPay";
			};
			name = Debug;
		};
		C28A19BF1B8966F500762A27 /* Release */ = {
			isa = XCBuildConfiguration;
			buildSettings = {
				BUNDLE_LOADER = "$(TEST_HOST)";
				FRAMEWORK_SEARCH_PATHS = (
					"$(SDKROOT)/Developer/Library/Frameworks",
					"$(inherited)",
				);
				INFOPLIST_FILE = magicPayTests/Info.plist;
				LD_RUNPATH_SEARCH_PATHS = "$(inherited) @executable_path/Frameworks @loader_path/Frameworks";
				PRODUCT_NAME = "$(TARGET_NAME)";
				TEST_HOST = "$(BUILT_PRODUCTS_DIR)/magicPay.app/magicPay";
			};
			name = Release;
		};
/* End XCBuildConfiguration section */

/* Begin XCConfigurationList section */
		C28A19961B8966F500762A27 /* Build configuration list for PBXProject "magicPay" */ = {
			isa = XCConfigurationList;
			buildConfigurations = (
				C28A19B81B8966F500762A27 /* Debug */,
				C28A19B91B8966F500762A27 /* Release */,
			);
			defaultConfigurationIsVisible = 0;
			defaultConfigurationName = Release;
		};
		C28A19BA1B8966F500762A27 /* Build configuration list for PBXNativeTarget "magicPay" */ = {
			isa = XCConfigurationList;
			buildConfigurations = (
				C28A19BB1B8966F500762A27 /* Debug */,
				C28A19BC1B8966F500762A27 /* Release */,
			);
			defaultConfigurationIsVisible = 0;
			defaultConfigurationName = Release;
		};
		C28A19BD1B8966F500762A27 /* Build configuration list for PBXNativeTarget "magicPayTests" */ = {
			isa = XCConfigurationList;
			buildConfigurations = (
				C28A19BE1B8966F500762A27 /* Debug */,
				C28A19BF1B8966F500762A27 /* Release */,
			);
			defaultConfigurationIsVisible = 0;
			defaultConfigurationName = Release;
		};
/* End XCConfigurationList section */
	};
	rootObject = C28A19931B8966F500762A27 /* Project object */;
}
